// !$*UTF8*$!
{
	archiveVersion = 1;
	classes = {
	};
	objectVersion = 46;
	objects = {

/* Begin PBXBuildFile section */
		2001BBD51F8F89C80096C7AB /* DemoiOSUITests.swift in Sources */ = {isa = PBXBuildFile; fileRef = 2001BBD41F8F89C80096C7AB /* DemoiOSUITests.swift */; };
		2001BBE31F8F89DD0096C7AB /* DemoiOSTests.swift in Sources */ = {isa = PBXBuildFile; fileRef = 2001BBE21F8F89DD0096C7AB /* DemoiOSTests.swift */; };
		64A3A65D24E2E8A700CE3E56 /* DemotvOSTests.swift in Sources */ = {isa = PBXBuildFile; fileRef = 64A3A65C24E2E8A700CE3E56 /* DemotvOSTests.swift */; };
		64A3A66824E2E8A700CE3E56 /* DemotvOSUITests.swift in Sources */ = {isa = PBXBuildFile; fileRef = 64A3A66724E2E8A700CE3E56 /* DemotvOSUITests.swift */; };
		64A3A67524E2E9C300CE3E56 /* AppDelegate.swift in Sources */ = {isa = PBXBuildFile; fileRef = 64A3A61524E2E74A00CE3E56 /* AppDelegate.swift */; };
		64A3A67624E2EA0E00CE3E56 /* ContentKeyManager.swift in Sources */ = {isa = PBXBuildFile; fileRef = 64CE45DA24893993004DBF29 /* ContentKeyManager.swift */; };
		64A3A67724E2EA0E00CE3E56 /* StreamListManager.swift in Sources */ = {isa = PBXBuildFile; fileRef = 64CE45DF24893993004DBF29 /* StreamListManager.swift */; };
		64A3A67824E2EA0E00CE3E56 /* AssetListManager.swift in Sources */ = {isa = PBXBuildFile; fileRef = 64CE45DD24893993004DBF29 /* AssetListManager.swift */; };
		64A3A67924E2EA0E00CE3E56 /* AssetPlaybackManager.swift in Sources */ = {isa = PBXBuildFile; fileRef = 64CE45DE24893993004DBF29 /* AssetPlaybackManager.swift */; };
		64A3A67A24E3DF2100CE3E56 /* Stream.swift in Sources */ = {isa = PBXBuildFile; fileRef = 64CE45E9248939A3004DBF29 /* Stream.swift */; };
		64A3A67B24E3DF2100CE3E56 /* Asset.swift in Sources */ = {isa = PBXBuildFile; fileRef = 64CE45EA248939A3004DBF29 /* Asset.swift */; };
		64A3A67C24E3DF3900CE3E56 /* AssetListTableViewController.swift in Sources */ = {isa = PBXBuildFile; fileRef = 64CE45F1248939DB004DBF29 /* AssetListTableViewController.swift */; };
		64A3A67D24E3DF3900CE3E56 /* AssetListTableViewCell.swift in Sources */ = {isa = PBXBuildFile; fileRef = 64CE45F2248939DB004DBF29 /* AssetListTableViewCell.swift */; };
		64A3A67E24E3DF9600CE3E56 /* Streams.plist in Resources */ = {isa = PBXBuildFile; fileRef = 64CE45EE248939B0004DBF29 /* Streams.plist */; };
		64A3A67F24E3E01100CE3E56 /* Assets.xcassets in Resources */ = {isa = PBXBuildFile; fileRef = 64A3A61924E2E74D00CE3E56 /* Assets.xcassets */; };
		64A3A68024E3E01C00CE3E56 /* LaunchScreen.storyboard in Resources */ = {isa = PBXBuildFile; fileRef = 64A3A61E24E2E74D00CE3E56 /* LaunchScreen.storyboard */; };
		64A3A68E24E3E95D00CE3E56 /* Main.storyboard in Resources */ = {isa = PBXBuildFile; fileRef = 64A3A68C24E3E95D00CE3E56 /* Main.storyboard */; };
		64AE60CB260B5C08002A62DD /* AssetResourceLoaderDelegate+Persistable.swift in Sources */ = {isa = PBXBuildFile; fileRef = 64AE60CA260B5C08002A62DD /* AssetResourceLoaderDelegate+Persistable.swift */; };
		64AE60D3260B5C22002A62DD /* AssetResourceLoaderDelegate.swift in Sources */ = {isa = PBXBuildFile; fileRef = 64AE60D2260B5C22002A62DD /* AssetResourceLoaderDelegate.swift */; };
		64AE60D4260B5C22002A62DD /* AssetResourceLoaderDelegate.swift in Sources */ = {isa = PBXBuildFile; fileRef = 64AE60D2260B5C22002A62DD /* AssetResourceLoaderDelegate.swift */; };
		64CE45E124893993004DBF29 /* ContentKeyManager.swift in Sources */ = {isa = PBXBuildFile; fileRef = 64CE45DA24893993004DBF29 /* ContentKeyManager.swift */; };
		64CE45E424893993004DBF29 /* AssetListManager.swift in Sources */ = {isa = PBXBuildFile; fileRef = 64CE45DD24893993004DBF29 /* AssetListManager.swift */; };
		64CE45E524893993004DBF29 /* AssetPlaybackManager.swift in Sources */ = {isa = PBXBuildFile; fileRef = 64CE45DE24893993004DBF29 /* AssetPlaybackManager.swift */; };
		64CE45E624893993004DBF29 /* StreamListManager.swift in Sources */ = {isa = PBXBuildFile; fileRef = 64CE45DF24893993004DBF29 /* StreamListManager.swift */; };
		64CE45E724893993004DBF29 /* AssetPersistenceManager.swift in Sources */ = {isa = PBXBuildFile; fileRef = 64CE45E024893993004DBF29 /* AssetPersistenceManager.swift */; };
		64CE45EB248939A3004DBF29 /* Stream.swift in Sources */ = {isa = PBXBuildFile; fileRef = 64CE45E9248939A3004DBF29 /* Stream.swift */; };
		64CE45EC248939A3004DBF29 /* Asset.swift in Sources */ = {isa = PBXBuildFile; fileRef = 64CE45EA248939A3004DBF29 /* Asset.swift */; };
		64CE45EF248939B0004DBF29 /* Streams.plist in Resources */ = {isa = PBXBuildFile; fileRef = 64CE45EE248939B0004DBF29 /* Streams.plist */; };
		64CE45F3248939DB004DBF29 /* AssetListTableViewController.swift in Sources */ = {isa = PBXBuildFile; fileRef = 64CE45F1248939DB004DBF29 /* AssetListTableViewController.swift */; };
		64CE45F4248939DB004DBF29 /* AssetListTableViewCell.swift in Sources */ = {isa = PBXBuildFile; fileRef = 64CE45F2248939DB004DBF29 /* AssetListTableViewCell.swift */; };
		AA041E9F1E5357A5005BB6EE /* AppDelegate.swift in Sources */ = {isa = PBXBuildFile; fileRef = AA041E9E1E5357A5005BB6EE /* AppDelegate.swift */; };
		AA041EA41E5357A5005BB6EE /* Main.storyboard in Resources */ = {isa = PBXBuildFile; fileRef = AA041EA21E5357A5005BB6EE /* Main.storyboard */; };
		AA041EA61E5357A5005BB6EE /* Assets.xcassets in Resources */ = {isa = PBXBuildFile; fileRef = AA041EA51E5357A5005BB6EE /* Assets.xcassets */; };
		AA041EA91E5357A5005BB6EE /* LaunchScreen.storyboard in Resources */ = {isa = PBXBuildFile; fileRef = AA041EA71E5357A5005BB6EE /* LaunchScreen.storyboard */; };
/* End PBXBuildFile section */

/* Begin PBXContainerItemProxy section */
		2001BBD71F8F89C80096C7AB /* PBXContainerItemProxy */ = {
			isa = PBXContainerItemProxy;
			containerPortal = AA041E931E5357A5005BB6EE /* Project object */;
			proxyType = 1;
			remoteGlobalIDString = AA041E9A1E5357A5005BB6EE;
			remoteInfo = vudrmFairPlay;
		};
		2001BBE51F8F89DD0096C7AB /* PBXContainerItemProxy */ = {
			isa = PBXContainerItemProxy;
			containerPortal = AA041E931E5357A5005BB6EE /* Project object */;
			proxyType = 1;
			remoteGlobalIDString = AA041E9A1E5357A5005BB6EE;
			remoteInfo = vudrmFairPlay;
		};
		64A3A65924E2E8A700CE3E56 /* PBXContainerItemProxy */ = {
			isa = PBXContainerItemProxy;
			containerPortal = AA041E931E5357A5005BB6EE /* Project object */;
			proxyType = 1;
			remoteGlobalIDString = 64A3A64424E2E8A600CE3E56;
			remoteInfo = "vudrmFairPlay tvOS";
		};
		64A3A66424E2E8A700CE3E56 /* PBXContainerItemProxy */ = {
			isa = PBXContainerItemProxy;
			containerPortal = AA041E931E5357A5005BB6EE /* Project object */;
			proxyType = 1;
			remoteGlobalIDString = 64A3A64424E2E8A600CE3E56;
			remoteInfo = "vudrmFairPlay tvOS";
		};
/* End PBXContainerItemProxy section */

/* Begin PBXFileReference section */
		2001BBD21F8F89C80096C7AB /* DemoiOSUITests.xctest */ = {isa = PBXFileReference; explicitFileType = wrapper.cfbundle; includeInIndex = 0; path = DemoiOSUITests.xctest; sourceTree = BUILT_PRODUCTS_DIR; };
		2001BBD41F8F89C80096C7AB /* DemoiOSUITests.swift */ = {isa = PBXFileReference; lastKnownFileType = sourcecode.swift; path = DemoiOSUITests.swift; sourceTree = "<group>"; };
		2001BBD61F8F89C80096C7AB /* Info.plist */ = {isa = PBXFileReference; lastKnownFileType = text.plist.xml; path = Info.plist; sourceTree = "<group>"; };
		2001BBE01F8F89DD0096C7AB /* DemoiOSTests.xctest */ = {isa = PBXFileReference; explicitFileType = wrapper.cfbundle; includeInIndex = 0; path = DemoiOSTests.xctest; sourceTree = BUILT_PRODUCTS_DIR; };
		2001BBE21F8F89DD0096C7AB /* DemoiOSTests.swift */ = {isa = PBXFileReference; lastKnownFileType = sourcecode.swift; path = DemoiOSTests.swift; sourceTree = "<group>"; };
		2001BBE41F8F89DD0096C7AB /* Info.plist */ = {isa = PBXFileReference; lastKnownFileType = text.plist.xml; path = Info.plist; sourceTree = "<group>"; };
		64A3A61524E2E74A00CE3E56 /* AppDelegate.swift */ = {isa = PBXFileReference; lastKnownFileType = sourcecode.swift; path = AppDelegate.swift; sourceTree = "<group>"; };
		64A3A61924E2E74D00CE3E56 /* Assets.xcassets */ = {isa = PBXFileReference; lastKnownFileType = folder.assetcatalog; path = Assets.xcassets; sourceTree = "<group>"; };
		64A3A61F24E2E74D00CE3E56 /* Base */ = {isa = PBXFileReference; lastKnownFileType = file.storyboard; name = Base; path = Base.lproj/LaunchScreen.storyboard; sourceTree = "<group>"; };
		64A3A62124E2E74D00CE3E56 /* Info.plist */ = {isa = PBXFileReference; lastKnownFileType = text.plist.xml; path = Info.plist; sourceTree = "<group>"; };
		64A3A64524E2E8A600CE3E56 /* StudioDRM.app */ = {isa = PBXFileReference; explicitFileType = wrapper.application; includeInIndex = 0; path = StudioDRM.app; sourceTree = BUILT_PRODUCTS_DIR; };
		64A3A65824E2E8A700CE3E56 /* DemotvOSTests.xctest */ = {isa = PBXFileReference; explicitFileType = wrapper.cfbundle; includeInIndex = 0; path = DemotvOSTests.xctest; sourceTree = BUILT_PRODUCTS_DIR; };
		64A3A65C24E2E8A700CE3E56 /* DemotvOSTests.swift */ = {isa = PBXFileReference; lastKnownFileType = sourcecode.swift; path = DemotvOSTests.swift; sourceTree = "<group>"; };
		64A3A65E24E2E8A700CE3E56 /* Info.plist */ = {isa = PBXFileReference; lastKnownFileType = text.plist.xml; path = Info.plist; sourceTree = "<group>"; };
		64A3A66324E2E8A700CE3E56 /* DemotvOSUITests.xctest */ = {isa = PBXFileReference; explicitFileType = wrapper.cfbundle; includeInIndex = 0; path = DemotvOSUITests.xctest; sourceTree = BUILT_PRODUCTS_DIR; };
		64A3A66724E2E8A700CE3E56 /* DemotvOSUITests.swift */ = {isa = PBXFileReference; lastKnownFileType = sourcecode.swift; path = DemotvOSUITests.swift; sourceTree = "<group>"; };
		64A3A66924E2E8A700CE3E56 /* Info.plist */ = {isa = PBXFileReference; lastKnownFileType = text.plist.xml; path = Info.plist; sourceTree = "<group>"; };
		64A3A68D24E3E95D00CE3E56 /* Base */ = {isa = PBXFileReference; lastKnownFileType = file.storyboard; name = Base; path = Base.lproj/Main.storyboard; sourceTree = "<group>"; };
		64AE60CA260B5C08002A62DD /* AssetResourceLoaderDelegate+Persistable.swift */ = {isa = PBXFileReference; fileEncoding = 4; lastKnownFileType = sourcecode.swift; path = "AssetResourceLoaderDelegate+Persistable.swift"; sourceTree = "<group>"; };
		64AE60D2260B5C22002A62DD /* AssetResourceLoaderDelegate.swift */ = {isa = PBXFileReference; fileEncoding = 4; lastKnownFileType = sourcecode.swift; path = AssetResourceLoaderDelegate.swift; sourceTree = "<group>"; };
		64CE45DA24893993004DBF29 /* ContentKeyManager.swift */ = {isa = PBXFileReference; fileEncoding = 4; lastKnownFileType = sourcecode.swift; path = ContentKeyManager.swift; sourceTree = "<group>"; };
		64CE45DD24893993004DBF29 /* AssetListManager.swift */ = {isa = PBXFileReference; fileEncoding = 4; lastKnownFileType = sourcecode.swift; path = AssetListManager.swift; sourceTree = "<group>"; };
		64CE45DE24893993004DBF29 /* AssetPlaybackManager.swift */ = {isa = PBXFileReference; fileEncoding = 4; lastKnownFileType = sourcecode.swift; path = AssetPlaybackManager.swift; sourceTree = "<group>"; };
		64CE45DF24893993004DBF29 /* StreamListManager.swift */ = {isa = PBXFileReference; fileEncoding = 4; lastKnownFileType = sourcecode.swift; path = StreamListManager.swift; sourceTree = "<group>"; };
		64CE45E024893993004DBF29 /* AssetPersistenceManager.swift */ = {isa = PBXFileReference; fileEncoding = 4; lastKnownFileType = sourcecode.swift; path = AssetPersistenceManager.swift; sourceTree = "<group>"; };
		64CE45E9248939A3004DBF29 /* Stream.swift */ = {isa = PBXFileReference; fileEncoding = 4; lastKnownFileType = sourcecode.swift; path = Stream.swift; sourceTree = "<group>"; };
		64CE45EA248939A3004DBF29 /* Asset.swift */ = {isa = PBXFileReference; fileEncoding = 4; lastKnownFileType = sourcecode.swift; path = Asset.swift; sourceTree = "<group>"; };
		64CE45EE248939B0004DBF29 /* Streams.plist */ = {isa = PBXFileReference; fileEncoding = 4; lastKnownFileType = text.plist.xml; path = Streams.plist; sourceTree = "<group>"; };
		64CE45F1248939DB004DBF29 /* AssetListTableViewController.swift */ = {isa = PBXFileReference; fileEncoding = 4; lastKnownFileType = sourcecode.swift; path = AssetListTableViewController.swift; sourceTree = "<group>"; };
		64CE45F2248939DB004DBF29 /* AssetListTableViewCell.swift */ = {isa = PBXFileReference; fileEncoding = 4; lastKnownFileType = sourcecode.swift; path = AssetListTableViewCell.swift; sourceTree = "<group>"; };
		AA041E9B1E5357A5005BB6EE /* StudioDRM.app */ = {isa = PBXFileReference; explicitFileType = wrapper.application; includeInIndex = 0; path = StudioDRM.app; sourceTree = BUILT_PRODUCTS_DIR; };
		AA041E9E1E5357A5005BB6EE /* AppDelegate.swift */ = {isa = PBXFileReference; lastKnownFileType = sourcecode.swift; path = AppDelegate.swift; sourceTree = "<group>"; };
		AA041EA31E5357A5005BB6EE /* Base */ = {isa = PBXFileReference; lastKnownFileType = file.storyboard; name = Base; path = Base.lproj/Main.storyboard; sourceTree = "<group>"; };
		AA041EA51E5357A5005BB6EE /* Assets.xcassets */ = {isa = PBXFileReference; lastKnownFileType = folder.assetcatalog; path = Assets.xcassets; sourceTree = "<group>"; };
		AA041EA81E5357A5005BB6EE /* Base */ = {isa = PBXFileReference; lastKnownFileType = file.storyboard; name = Base; path = Base.lproj/LaunchScreen.storyboard; sourceTree = "<group>"; };
		AA041EAA1E5357A5005BB6EE /* Info.plist */ = {isa = PBXFileReference; lastKnownFileType = text.plist.xml; path = Info.plist; sourceTree = "<group>"; };
/* End PBXFileReference section */

/* Begin PBXFrameworksBuildPhase section */
		2001BBCF1F8F89C80096C7AB /* Frameworks */ = {
			isa = PBXFrameworksBuildPhase;
			buildActionMask = 2147483647;
			files = (
			);
			runOnlyForDeploymentPostprocessing = 0;
		};
		2001BBDD1F8F89DD0096C7AB /* Frameworks */ = {
			isa = PBXFrameworksBuildPhase;
			buildActionMask = 2147483647;
			files = (
			);
			runOnlyForDeploymentPostprocessing = 0;
		};
		64A3A64224E2E8A600CE3E56 /* Frameworks */ = {
			isa = PBXFrameworksBuildPhase;
			buildActionMask = 2147483647;
			files = (
			);
			runOnlyForDeploymentPostprocessing = 0;
		};
		64A3A65524E2E8A700CE3E56 /* Frameworks */ = {
			isa = PBXFrameworksBuildPhase;
			buildActionMask = 2147483647;
			files = (
			);
			runOnlyForDeploymentPostprocessing = 0;
		};
		64A3A66024E2E8A700CE3E56 /* Frameworks */ = {
			isa = PBXFrameworksBuildPhase;
			buildActionMask = 2147483647;
			files = (
			);
			runOnlyForDeploymentPostprocessing = 0;
		};
		AA041E981E5357A5005BB6EE /* Frameworks */ = {
			isa = PBXFrameworksBuildPhase;
			buildActionMask = 2147483647;
			files = (
			);
			runOnlyForDeploymentPostprocessing = 0;
		};
/* End PBXFrameworksBuildPhase section */

/* Begin PBXGroup section */
		2001BBD31F8F89C80096C7AB /* DemoiOSUITests */ = {
			isa = PBXGroup;
			children = (
				2001BBD41F8F89C80096C7AB /* DemoiOSUITests.swift */,
				2001BBD61F8F89C80096C7AB /* Info.plist */,
			);
			path = DemoiOSUITests;
			sourceTree = "<group>";
		};
		2001BBE11F8F89DD0096C7AB /* DemoiOSTests */ = {
			isa = PBXGroup;
			children = (
				2001BBE21F8F89DD0096C7AB /* DemoiOSTests.swift */,
				2001BBE41F8F89DD0096C7AB /* Info.plist */,
			);
			path = DemoiOSTests;
			sourceTree = "<group>";
		};
		64A3A60A24E2E2FE00CE3E56 /* Shared */ = {
			isa = PBXGroup;
			children = (
				64A3A60B24E2E31500CE3E56 /* Managers */,
				64CE45E8248939A3004DBF29 /* Model */,
				64CE45F0248939DB004DBF29 /* Views */,
				64CE45ED248939B0004DBF29 /* Resources */,
			);
			path = Shared;
			sourceTree = "<group>";
		};
		64A3A60B24E2E31500CE3E56 /* Managers */ = {
			isa = PBXGroup;
			children = (
				64AE60D2260B5C22002A62DD /* AssetResourceLoaderDelegate.swift */,
				64CE45DA24893993004DBF29 /* ContentKeyManager.swift */,
				64CE45DF24893993004DBF29 /* StreamListManager.swift */,
				64CE45DD24893993004DBF29 /* AssetListManager.swift */,
				64CE45DE24893993004DBF29 /* AssetPlaybackManager.swift */,
			);
			path = Managers;
			sourceTree = "<group>";
		};
		64A3A60D24E2E5D900CE3E56 /* DemoiOS */ = {
			isa = PBXGroup;
			children = (
				64CE45D924893993004DBF29 /* Manager */,
				AA041E9E1E5357A5005BB6EE /* AppDelegate.swift */,
				AA041EA51E5357A5005BB6EE /* Assets.xcassets */,
				AA041EA71E5357A5005BB6EE /* LaunchScreen.storyboard */,
				AA041EAA1E5357A5005BB6EE /* Info.plist */,
				AA041EA21E5357A5005BB6EE /* Main.storyboard */,
			);
			path = DemoiOS;
			sourceTree = "<group>";
		};
		64A3A64624E2E8A600CE3E56 /* DemotvOS */ = {
			isa = PBXGroup;
			children = (
				64A3A61524E2E74A00CE3E56 /* AppDelegate.swift */,
				64A3A61924E2E74D00CE3E56 /* Assets.xcassets */,
				64A3A61E24E2E74D00CE3E56 /* LaunchScreen.storyboard */,
				64A3A62124E2E74D00CE3E56 /* Info.plist */,
				64A3A68C24E3E95D00CE3E56 /* Main.storyboard */,
			);
			path = DemotvOS;
			sourceTree = "<group>";
		};
		64A3A65B24E2E8A700CE3E56 /* DemotvOSTests */ = {
			isa = PBXGroup;
			children = (
				64A3A65C24E2E8A700CE3E56 /* DemotvOSTests.swift */,
				64A3A65E24E2E8A700CE3E56 /* Info.plist */,
			);
			path = DemotvOSTests;
			sourceTree = "<group>";
		};
		64A3A66624E2E8A700CE3E56 /* DemotvOSUITests */ = {
			isa = PBXGroup;
			children = (
				64A3A66724E2E8A700CE3E56 /* DemotvOSUITests.swift */,
				64A3A66924E2E8A700CE3E56 /* Info.plist */,
			);
			path = DemotvOSUITests;
			sourceTree = "<group>";
		};
		64CE45D924893993004DBF29 /* Manager */ = {
			isa = PBXGroup;
			children = (
				64CE45E024893993004DBF29 /* AssetPersistenceManager.swift */,
				64AE60CA260B5C08002A62DD /* AssetResourceLoaderDelegate+Persistable.swift */,
			);
			path = Manager;
			sourceTree = "<group>";
		};
		64CE45E8248939A3004DBF29 /* Model */ = {
			isa = PBXGroup;
			children = (
				64CE45E9248939A3004DBF29 /* Stream.swift */,
				64CE45EA248939A3004DBF29 /* Asset.swift */,
			);
			path = Model;
			sourceTree = "<group>";
		};
		64CE45ED248939B0004DBF29 /* Resources */ = {
			isa = PBXGroup;
			children = (
				64CE45EE248939B0004DBF29 /* Streams.plist */,
			);
			path = Resources;
			sourceTree = "<group>";
		};
		64CE45F0248939DB004DBF29 /* Views */ = {
			isa = PBXGroup;
			children = (
				64CE45F1248939DB004DBF29 /* AssetListTableViewController.swift */,
				64CE45F2248939DB004DBF29 /* AssetListTableViewCell.swift */,
			);
			path = Views;
			sourceTree = "<group>";
		};
		AA041E921E5357A5005BB6EE = {
			isa = PBXGroup;
			children = (
				AA041E9D1E5357A5005BB6EE /* StudioDRM */,
				2001BBE11F8F89DD0096C7AB /* DemoiOSTests */,
				2001BBD31F8F89C80096C7AB /* DemoiOSUITests */,
				64A3A65B24E2E8A700CE3E56 /* DemotvOSTests */,
				64A3A66624E2E8A700CE3E56 /* DemotvOSUITests */,
				AA041E9C1E5357A5005BB6EE /* Products */,
				FAF0AAB7C911ECB30D3D6430 /* Pods */,
			);
			sourceTree = "<group>";
		};
		AA041E9C1E5357A5005BB6EE /* Products */ = {
			isa = PBXGroup;
			children = (
				AA041E9B1E5357A5005BB6EE /* StudioDRM.app */,
				2001BBD21F8F89C80096C7AB /* DemoiOSUITests.xctest */,
				2001BBE01F8F89DD0096C7AB /* DemoiOSTests.xctest */,
				64A3A64524E2E8A600CE3E56 /* StudioDRM.app */,
				64A3A65824E2E8A700CE3E56 /* DemotvOSTests.xctest */,
				64A3A66324E2E8A700CE3E56 /* DemotvOSUITests.xctest */,
			);
			name = Products;
			sourceTree = "<group>";
		};
		AA041E9D1E5357A5005BB6EE /* StudioDRM */ = {
			isa = PBXGroup;
			children = (
				64A3A60D24E2E5D900CE3E56 /* DemoiOS */,
				64A3A64624E2E8A600CE3E56 /* DemotvOS */,
				64A3A60A24E2E2FE00CE3E56 /* Shared */,
			);
			path = StudioDRM;
			sourceTree = "<group>";
		};
		FAF0AAB7C911ECB30D3D6430 /* Pods */ = {
			isa = PBXGroup;
			children = (
			);
			path = Pods;
			sourceTree = "<group>";
		};
/* End PBXGroup section */

/* Begin PBXNativeTarget section */
		2001BBD11F8F89C80096C7AB /* DemoiOSUITests */ = {
			isa = PBXNativeTarget;
			buildConfigurationList = 2001BBD91F8F89C80096C7AB /* Build configuration list for PBXNativeTarget "DemoiOSUITests" */;
			buildPhases = (
				2001BBCE1F8F89C80096C7AB /* Sources */,
				2001BBCF1F8F89C80096C7AB /* Frameworks */,
				2001BBD01F8F89C80096C7AB /* Resources */,
			);
			buildRules = (
			);
			dependencies = (
				2001BBD81F8F89C80096C7AB /* PBXTargetDependency */,
			);
			name = DemoiOSUITests;
			productName = vudrmFairPlayUITests;
			productReference = 2001BBD21F8F89C80096C7AB /* DemoiOSUITests.xctest */;
			productType = "com.apple.product-type.bundle.ui-testing";
		};
		2001BBDF1F8F89DD0096C7AB /* DemoiOSTests */ = {
			isa = PBXNativeTarget;
			buildConfigurationList = 2001BBE71F8F89DD0096C7AB /* Build configuration list for PBXNativeTarget "DemoiOSTests" */;
			buildPhases = (
				2001BBDC1F8F89DD0096C7AB /* Sources */,
				2001BBDD1F8F89DD0096C7AB /* Frameworks */,
				2001BBDE1F8F89DD0096C7AB /* Resources */,
			);
			buildRules = (
			);
			dependencies = (
				2001BBE61F8F89DD0096C7AB /* PBXTargetDependency */,
			);
			name = DemoiOSTests;
			productName = vudrmFairPlayTests;
			productReference = 2001BBE01F8F89DD0096C7AB /* DemoiOSTests.xctest */;
			productType = "com.apple.product-type.bundle.unit-test";
		};
		64A3A64424E2E8A600CE3E56 /* DemotvOS */ = {
			isa = PBXNativeTarget;
			buildConfigurationList = 64A3A66A24E2E8A700CE3E56 /* Build configuration list for PBXNativeTarget "DemotvOS" */;
			buildPhases = (
				64A3A64124E2E8A600CE3E56 /* Sources */,
				64A3A64224E2E8A600CE3E56 /* Frameworks */,
				64A3A64324E2E8A600CE3E56 /* Resources */,
			);
			buildRules = (
			);
			dependencies = (
			);
			name = DemotvOS;
			productName = "vudrmFairPlay tvOS";
			productReference = 64A3A64524E2E8A600CE3E56 /* StudioDRM.app */;
			productType = "com.apple.product-type.application";
		};
		64A3A65724E2E8A700CE3E56 /* DemotvOSTests */ = {
			isa = PBXNativeTarget;
			buildConfigurationList = 64A3A66D24E2E8A700CE3E56 /* Build configuration list for PBXNativeTarget "DemotvOSTests" */;
			buildPhases = (
				64A3A65424E2E8A700CE3E56 /* Sources */,
				64A3A65524E2E8A700CE3E56 /* Frameworks */,
				64A3A65624E2E8A700CE3E56 /* Resources */,
			);
			buildRules = (
			);
			dependencies = (
				64A3A65A24E2E8A700CE3E56 /* PBXTargetDependency */,
			);
			name = DemotvOSTests;
			productName = "vudrmFairPlay tvOSTests";
			productReference = 64A3A65824E2E8A700CE3E56 /* DemotvOSTests.xctest */;
			productType = "com.apple.product-type.bundle.unit-test";
		};
		64A3A66224E2E8A700CE3E56 /* DemotvOSUITests */ = {
			isa = PBXNativeTarget;
			buildConfigurationList = 64A3A67024E2E8A700CE3E56 /* Build configuration list for PBXNativeTarget "DemotvOSUITests" */;
			buildPhases = (
				64A3A65F24E2E8A700CE3E56 /* Sources */,
				64A3A66024E2E8A700CE3E56 /* Frameworks */,
				64A3A66124E2E8A700CE3E56 /* Resources */,
			);
			buildRules = (
			);
			dependencies = (
				64A3A66524E2E8A700CE3E56 /* PBXTargetDependency */,
			);
			name = DemotvOSUITests;
			productName = "vudrmFairPlay tvOSUITests";
			productReference = 64A3A66324E2E8A700CE3E56 /* DemotvOSUITests.xctest */;
			productType = "com.apple.product-type.bundle.ui-testing";
		};
		AA041E9A1E5357A5005BB6EE /* DemoiOS */ = {
			isa = PBXNativeTarget;
			buildConfigurationList = AA041EAD1E5357A5005BB6EE /* Build configuration list for PBXNativeTarget "DemoiOS" */;
			buildPhases = (
				AA041E971E5357A5005BB6EE /* Sources */,
				AA041E981E5357A5005BB6EE /* Frameworks */,
				AA041E991E5357A5005BB6EE /* Resources */,
			);
			buildRules = (
			);
			dependencies = (
			);
			name = DemoiOS;
			productName = vudrmFairPlay;
			productReference = AA041E9B1E5357A5005BB6EE /* StudioDRM.app */;
			productType = "com.apple.product-type.application";
		};
/* End PBXNativeTarget section */

/* Begin PBXProject section */
		AA041E931E5357A5005BB6EE /* Project object */ = {
			isa = PBXProject;
			attributes = {
				LastSwiftUpdateCheck = 1160;
				LastUpgradeCheck = 1210;
				ORGANIZATIONNAME = "Vualto Ltd";
				TargetAttributes = {
					2001BBD11F8F89C80096C7AB = {
						CreatedOnToolsVersion = 8.3.3;
						DevelopmentTeam = 6B73W5BZA3;
						LastSwiftMigration = 1020;
						ProvisioningStyle = Automatic;
						TestTargetID = AA041E9A1E5357A5005BB6EE;
					};
					2001BBDF1F8F89DD0096C7AB = {
						CreatedOnToolsVersion = 8.3.3;
						DevelopmentTeam = 6B73W5BZA3;
						LastSwiftMigration = 1020;
						ProvisioningStyle = Automatic;
						TestTargetID = AA041E9A1E5357A5005BB6EE;
					};
					64A3A64424E2E8A600CE3E56 = {
						CreatedOnToolsVersion = 11.6;
						DevelopmentTeam = 6B73W5BZA3;
						ProvisioningStyle = Automatic;
					};
					64A3A65724E2E8A700CE3E56 = {
						CreatedOnToolsVersion = 11.6;
						DevelopmentTeam = 6B73W5BZA3;
						ProvisioningStyle = Automatic;
						TestTargetID = 64A3A64424E2E8A600CE3E56;
					};
					64A3A66224E2E8A700CE3E56 = {
						CreatedOnToolsVersion = 11.6;
						DevelopmentTeam = 6B73W5BZA3;
						ProvisioningStyle = Automatic;
						TestTargetID = 64A3A64424E2E8A600CE3E56;
					};
					AA041E9A1E5357A5005BB6EE = {
						CreatedOnToolsVersion = 8.2.1;
						DevelopmentTeam = 6B73W5BZA3;
						LastSwiftMigration = 1020;
						ProvisioningStyle = Manual;
					};
				};
			};
			buildConfigurationList = AA041E961E5357A5005BB6EE /* Build configuration list for PBXProject "StudioDRM" */;
			compatibilityVersion = "Xcode 3.2";
			developmentRegion = en;
			hasScannedForEncodings = 0;
			knownRegions = (
				en,
				Base,
			);
			mainGroup = AA041E921E5357A5005BB6EE;
			productRefGroup = AA041E9C1E5357A5005BB6EE /* Products */;
			projectDirPath = "";
			projectRoot = "";
			targets = (
				AA041E9A1E5357A5005BB6EE /* DemoiOS */,
				2001BBDF1F8F89DD0096C7AB /* DemoiOSTests */,
				2001BBD11F8F89C80096C7AB /* DemoiOSUITests */,
				64A3A64424E2E8A600CE3E56 /* DemotvOS */,
				64A3A65724E2E8A700CE3E56 /* DemotvOSTests */,
				64A3A66224E2E8A700CE3E56 /* DemotvOSUITests */,
			);
		};
/* End PBXProject section */

/* Begin PBXResourcesBuildPhase section */
		2001BBD01F8F89C80096C7AB /* Resources */ = {
			isa = PBXResourcesBuildPhase;
			buildActionMask = 2147483647;
			files = (
			);
			runOnlyForDeploymentPostprocessing = 0;
		};
		2001BBDE1F8F89DD0096C7AB /* Resources */ = {
			isa = PBXResourcesBuildPhase;
			buildActionMask = 2147483647;
			files = (
			);
			runOnlyForDeploymentPostprocessing = 0;
		};
		64A3A64324E2E8A600CE3E56 /* Resources */ = {
			isa = PBXResourcesBuildPhase;
			buildActionMask = 2147483647;
			files = (
				64A3A67E24E3DF9600CE3E56 /* Streams.plist in Resources */,
				64A3A68024E3E01C00CE3E56 /* LaunchScreen.storyboard in Resources */,
				64A3A67F24E3E01100CE3E56 /* Assets.xcassets in Resources */,
				64A3A68E24E3E95D00CE3E56 /* Main.storyboard in Resources */,
			);
			runOnlyForDeploymentPostprocessing = 0;
		};
		64A3A65624E2E8A700CE3E56 /* Resources */ = {
			isa = PBXResourcesBuildPhase;
			buildActionMask = 2147483647;
			files = (
			);
			runOnlyForDeploymentPostprocessing = 0;
		};
		64A3A66124E2E8A700CE3E56 /* Resources */ = {
			isa = PBXResourcesBuildPhase;
			buildActionMask = 2147483647;
			files = (
			);
			runOnlyForDeploymentPostprocessing = 0;
		};
		AA041E991E5357A5005BB6EE /* Resources */ = {
			isa = PBXResourcesBuildPhase;
			buildActionMask = 2147483647;
			files = (
				AA041EA91E5357A5005BB6EE /* LaunchScreen.storyboard in Resources */,
				AA041EA61E5357A5005BB6EE /* Assets.xcassets in Resources */,
				AA041EA41E5357A5005BB6EE /* Main.storyboard in Resources */,
				64CE45EF248939B0004DBF29 /* Streams.plist in Resources */,
			);
			runOnlyForDeploymentPostprocessing = 0;
		};
/* End PBXResourcesBuildPhase section */

/* Begin PBXSourcesBuildPhase section */
		2001BBCE1F8F89C80096C7AB /* Sources */ = {
			isa = PBXSourcesBuildPhase;
			buildActionMask = 2147483647;
			files = (
				2001BBD51F8F89C80096C7AB /* DemoiOSUITests.swift in Sources */,
			);
			runOnlyForDeploymentPostprocessing = 0;
		};
		2001BBDC1F8F89DD0096C7AB /* Sources */ = {
			isa = PBXSourcesBuildPhase;
			buildActionMask = 2147483647;
			files = (
				2001BBE31F8F89DD0096C7AB /* DemoiOSTests.swift in Sources */,
			);
			runOnlyForDeploymentPostprocessing = 0;
		};
		64A3A64124E2E8A600CE3E56 /* Sources */ = {
			isa = PBXSourcesBuildPhase;
			buildActionMask = 2147483647;
			files = (
				64A3A67524E2E9C300CE3E56 /* AppDelegate.swift in Sources */,
				64A3A67624E2EA0E00CE3E56 /* ContentKeyManager.swift in Sources */,
				64A3A67724E2EA0E00CE3E56 /* StreamListManager.swift in Sources */,
				64A3A67824E2EA0E00CE3E56 /* AssetListManager.swift in Sources */,
				64AE60D4260B5C22002A62DD /* AssetResourceLoaderDelegate.swift in Sources */,
				64A3A67924E2EA0E00CE3E56 /* AssetPlaybackManager.swift in Sources */,
				64A3A67A24E3DF2100CE3E56 /* Stream.swift in Sources */,
				64A3A67B24E3DF2100CE3E56 /* Asset.swift in Sources */,
				64A3A67C24E3DF3900CE3E56 /* AssetListTableViewController.swift in Sources */,
				64A3A67D24E3DF3900CE3E56 /* AssetListTableViewCell.swift in Sources */,
			);
			runOnlyForDeploymentPostprocessing = 0;
		};
		64A3A65424E2E8A700CE3E56 /* Sources */ = {
			isa = PBXSourcesBuildPhase;
			buildActionMask = 2147483647;
			files = (
				64A3A65D24E2E8A700CE3E56 /* DemotvOSTests.swift in Sources */,
			);
			runOnlyForDeploymentPostprocessing = 0;
		};
		64A3A65F24E2E8A700CE3E56 /* Sources */ = {
			isa = PBXSourcesBuildPhase;
			buildActionMask = 2147483647;
			files = (
				64A3A66824E2E8A700CE3E56 /* DemotvOSUITests.swift in Sources */,
			);
			runOnlyForDeploymentPostprocessing = 0;
		};
		AA041E971E5357A5005BB6EE /* Sources */ = {
			isa = PBXSourcesBuildPhase;
			buildActionMask = 2147483647;
			files = (
				AA041E9F1E5357A5005BB6EE /* AppDelegate.swift in Sources */,
				64CE45E124893993004DBF29 /* ContentKeyManager.swift in Sources */,
				64AE60D3260B5C22002A62DD /* AssetResourceLoaderDelegate.swift in Sources */,
				64CE45EC248939A3004DBF29 /* Asset.swift in Sources */,
				64CE45F3248939DB004DBF29 /* AssetListTableViewController.swift in Sources */,
				64CE45E424893993004DBF29 /* AssetListManager.swift in Sources */,
				64AE60CB260B5C08002A62DD /* AssetResourceLoaderDelegate+Persistable.swift in Sources */,
				64CE45E624893993004DBF29 /* StreamListManager.swift in Sources */,
				64CE45E724893993004DBF29 /* AssetPersistenceManager.swift in Sources */,
				64CE45F4248939DB004DBF29 /* AssetListTableViewCell.swift in Sources */,
				64CE45E524893993004DBF29 /* AssetPlaybackManager.swift in Sources */,
				64CE45EB248939A3004DBF29 /* Stream.swift in Sources */,
			);
			runOnlyForDeploymentPostprocessing = 0;
		};
/* End PBXSourcesBuildPhase section */

/* Begin PBXTargetDependency section */
		2001BBD81F8F89C80096C7AB /* PBXTargetDependency */ = {
			isa = PBXTargetDependency;
			target = AA041E9A1E5357A5005BB6EE /* DemoiOS */;
			targetProxy = 2001BBD71F8F89C80096C7AB /* PBXContainerItemProxy */;
		};
		2001BBE61F8F89DD0096C7AB /* PBXTargetDependency */ = {
			isa = PBXTargetDependency;
			target = AA041E9A1E5357A5005BB6EE /* DemoiOS */;
			targetProxy = 2001BBE51F8F89DD0096C7AB /* PBXContainerItemProxy */;
		};
		64A3A65A24E2E8A700CE3E56 /* PBXTargetDependency */ = {
			isa = PBXTargetDependency;
			target = 64A3A64424E2E8A600CE3E56 /* DemotvOS */;
			targetProxy = 64A3A65924E2E8A700CE3E56 /* PBXContainerItemProxy */;
		};
		64A3A66524E2E8A700CE3E56 /* PBXTargetDependency */ = {
			isa = PBXTargetDependency;
			target = 64A3A64424E2E8A600CE3E56 /* DemotvOS */;
			targetProxy = 64A3A66424E2E8A700CE3E56 /* PBXContainerItemProxy */;
		};
/* End PBXTargetDependency section */

/* Begin PBXVariantGroup section */
		64A3A61E24E2E74D00CE3E56 /* LaunchScreen.storyboard */ = {
			isa = PBXVariantGroup;
			children = (
				64A3A61F24E2E74D00CE3E56 /* Base */,
			);
			name = LaunchScreen.storyboard;
			sourceTree = "<group>";
		};
		64A3A68C24E3E95D00CE3E56 /* Main.storyboard */ = {
			isa = PBXVariantGroup;
			children = (
				64A3A68D24E3E95D00CE3E56 /* Base */,
			);
			name = Main.storyboard;
			sourceTree = "<group>";
		};
		AA041EA21E5357A5005BB6EE /* Main.storyboard */ = {
			isa = PBXVariantGroup;
			children = (
				AA041EA31E5357A5005BB6EE /* Base */,
			);
			name = Main.storyboard;
			sourceTree = "<group>";
		};
		AA041EA71E5357A5005BB6EE /* LaunchScreen.storyboard */ = {
			isa = PBXVariantGroup;
			children = (
				AA041EA81E5357A5005BB6EE /* Base */,
			);
			name = LaunchScreen.storyboard;
			sourceTree = "<group>";
		};
/* End PBXVariantGroup section */

/* Begin XCBuildConfiguration section */
		2001BBDA1F8F89C80096C7AB /* Debug */ = {
			isa = XCBuildConfiguration;
			buildSettings = {
				ALWAYS_EMBED_SWIFT_STANDARD_LIBRARIES = NO;
				CLANG_ANALYZER_NUMBER_OBJECT_CONVERSION = YES_AGGRESSIVE;
				CODE_SIGN_IDENTITY = "Apple Development";
				"CODE_SIGN_IDENTITY[sdk=iphoneos*]" = "Apple Development: Mobile Apps (9NJZQ56VQG)";
				CODE_SIGN_STYLE = Automatic;
				CURRENT_PROJECT_VERSION = 96;
				DEVELOPMENT_TEAM = "";
				INFOPLIST_FILE = DemoiOSUITests/Info.plist;
				IPHONEOS_DEPLOYMENT_TARGET = 12.0;
				LD_RUNPATH_SEARCH_PATHS = "$(inherited) @executable_path/Frameworks @loader_path/Frameworks";
				PRODUCT_BUNDLE_IDENTIFIER = com.vualto.studiodrm.demo.uitests;
				PRODUCT_NAME = "$(TARGET_NAME)";
				PROVISIONING_PROFILE = "a9481c64-2edc-41ba-9f6a-de753ab78130";
				PROVISIONING_PROFILE_SPECIFIER = "";
				"PROVISIONING_PROFILE_SPECIFIER[sdk=macosx*]" = "";
				SUPPORTS_MACCATALYST = NO;
				SWIFT_VERSION = 5.0;
				VERSIONING_SYSTEM = "apple-generic";
			};
			name = Debug;
		};
		2001BBDB1F8F89C80096C7AB /* Release */ = {
			isa = XCBuildConfiguration;
			buildSettings = {
				ALWAYS_EMBED_SWIFT_STANDARD_LIBRARIES = NO;
				CLANG_ANALYZER_NUMBER_OBJECT_CONVERSION = YES_AGGRESSIVE;
				CODE_SIGN_IDENTITY = "iPhone Distribution: VUALTO LTD (6B73W5BZA3)";
				"CODE_SIGN_IDENTITY[sdk=iphoneos*]" = "iPhone Distribution: VUALTO LTD (6B73W5BZA3)";
				CURRENT_PROJECT_VERSION = 96;
				DEVELOPMENT_TEAM = 6B73W5BZA3;
				INFOPLIST_FILE = DemoiOSUITests/Info.plist;
				IPHONEOS_DEPLOYMENT_TARGET = 12.0;
				LD_RUNPATH_SEARCH_PATHS = "$(inherited) @executable_path/Frameworks @loader_path/Frameworks";
				PRODUCT_BUNDLE_IDENTIFIER = com.vualto.studiodrm.demo.uitests;
				PRODUCT_NAME = "$(TARGET_NAME)";
				PROVISIONING_PROFILE = "a9481c64-2edc-41ba-9f6a-de753ab78130";
				PROVISIONING_PROFILE_SPECIFIER = "Wildcard iOS development profile 20.04.21";
				"PROVISIONING_PROFILE_SPECIFIER[sdk=macosx*]" = "";
				SUPPORTS_MACCATALYST = NO;
				SWIFT_VERSION = 5.0;
				VERSIONING_SYSTEM = "apple-generic";
			};
			name = Release;
		};
		2001BBE81F8F89DD0096C7AB /* Debug */ = {
			isa = XCBuildConfiguration;
			buildSettings = {
				BUNDLE_LOADER = "$(TEST_HOST)";
				CLANG_ANALYZER_NUMBER_OBJECT_CONVERSION = YES_AGGRESSIVE;
				CODE_SIGN_IDENTITY = "Apple Development";
				"CODE_SIGN_IDENTITY[sdk=iphoneos*]" = "Apple Development: Mobile Apps (9NJZQ56VQG)";
				CODE_SIGN_STYLE = Automatic;
				CURRENT_PROJECT_VERSION = 96;
				DEVELOPMENT_TEAM = 6B73W5BZA3;
				INFOPLIST_FILE = DemoiOSTests/Info.plist;
				IPHONEOS_DEPLOYMENT_TARGET = 12.0;
				LD_RUNPATH_SEARCH_PATHS = "$(inherited) @executable_path/Frameworks @loader_path/Frameworks";
				PRODUCT_BUNDLE_IDENTIFIER = com.vualto.studiodrm.demo.tests;
				PRODUCT_NAME = "$(TARGET_NAME)";
				PROVISIONING_PROFILE_SPECIFIER = "";
				SUPPORTS_MACCATALYST = NO;
				SWIFT_VERSION = 5.0;
				TEST_HOST = "$(BUILT_PRODUCTS_DIR)/StudioDRM.app/StudioDRM";
				VERSIONING_SYSTEM = "apple-generic";
			};
			name = Debug;
		};
		2001BBE91F8F89DD0096C7AB /* Release */ = {
			isa = XCBuildConfiguration;
			buildSettings = {
				BUNDLE_LOADER = "$(TEST_HOST)";
				CLANG_ANALYZER_NUMBER_OBJECT_CONVERSION = YES_AGGRESSIVE;
				CODE_SIGN_IDENTITY = "Apple Distribution";
				"CODE_SIGN_IDENTITY[sdk=iphoneos*]" = "Apple Distribution";
				CURRENT_PROJECT_VERSION = 96;
				DEVELOPMENT_TEAM = 6B73W5BZA3;
				INFOPLIST_FILE = DemoiOSTests/Info.plist;
				IPHONEOS_DEPLOYMENT_TARGET = 12.0;
				LD_RUNPATH_SEARCH_PATHS = "$(inherited) @executable_path/Frameworks @loader_path/Frameworks";
				PRODUCT_BUNDLE_IDENTIFIER = com.vualto.studiodrm.demo.tests;
				PRODUCT_NAME = "$(TARGET_NAME)";
				PROVISIONING_PROFILE_SPECIFIER = "";
				SUPPORTS_MACCATALYST = NO;
				SWIFT_VERSION = 5.0;
				TEST_HOST = "$(BUILT_PRODUCTS_DIR)/StudioDRM.app/StudioDRM";
				VERSIONING_SYSTEM = "apple-generic";
			};
			name = Release;
		};
		64A3A66B24E2E8A700CE3E56 /* Debug */ = {
			isa = XCBuildConfiguration;
			buildSettings = {
				ASSETCATALOG_COMPILER_APPICON_NAME = "App Icon & Top Shelf Image";
				CLANG_ANALYZER_NUMBER_OBJECT_CONVERSION = YES_AGGRESSIVE;
				CLANG_CXX_LANGUAGE_STANDARD = "gnu++14";
				CLANG_ENABLE_OBJC_WEAK = YES;
				CLANG_WARN_UNGUARDED_AVAILABILITY = YES_AGGRESSIVE;
				"CODE_SIGN_IDENTITY[sdk=iphoneos*]" = "Apple Development";
				CODE_SIGN_STYLE = Automatic;
				DEVELOPMENT_TEAM = 6B73W5BZA3;
				FRAMEWORK_SEARCH_PATHS = "$(inherited)";
				GCC_C_LANGUAGE_STANDARD = gnu11;
				INFOPLIST_FILE = StudioDRM/DemotvOS/Info.plist;
				LD_RUNPATH_SEARCH_PATHS = "$(inherited) @executable_path/Frameworks";
				MTL_ENABLE_DEBUG_INFO = INCLUDE_SOURCE;
				MTL_FAST_MATH = YES;
				PRODUCT_BUNDLE_IDENTIFIER = com.vualto.studiodrm.demotvOS;
				PRODUCT_MODULE_NAME = StudioDRM;
				PRODUCT_NAME = StudioDRM;
				SDKROOT = appletvos;
				SWIFT_VERSION = 5.0;
				TARGETED_DEVICE_FAMILY = 3;
				TVOS_DEPLOYMENT_TARGET = 13.4;
			};
			name = Debug;
		};
		64A3A66C24E2E8A700CE3E56 /* Release */ = {
			isa = XCBuildConfiguration;
			buildSettings = {
				ASSETCATALOG_COMPILER_APPICON_NAME = "App Icon & Top Shelf Image";
				CLANG_ANALYZER_NUMBER_OBJECT_CONVERSION = YES_AGGRESSIVE;
				CLANG_CXX_LANGUAGE_STANDARD = "gnu++14";
				CLANG_ENABLE_OBJC_WEAK = YES;
				CLANG_WARN_UNGUARDED_AVAILABILITY = YES_AGGRESSIVE;
				CODE_SIGN_IDENTITY = "Apple Distribution";
				CODE_SIGN_STYLE = Automatic;
				DEVELOPMENT_TEAM = 6B73W5BZA3;
				FRAMEWORK_SEARCH_PATHS = "$(inherited)";
				GCC_C_LANGUAGE_STANDARD = gnu11;
				INFOPLIST_FILE = StudioDRM/DemotvOS/Info.plist;
				LD_RUNPATH_SEARCH_PATHS = "$(inherited) @executable_path/Frameworks";
				MTL_FAST_MATH = YES;
				PRODUCT_BUNDLE_IDENTIFIER = com.vualto.studiodrm.demotvOS;
				PRODUCT_MODULE_NAME = StudioDRM;
				PRODUCT_NAME = StudioDRM;
				SDKROOT = appletvos;
				SWIFT_OPTIMIZATION_LEVEL = "-O";
				SWIFT_VERSION = 5.0;
				TARGETED_DEVICE_FAMILY = 3;
				TVOS_DEPLOYMENT_TARGET = 13.4;
			};
			name = Release;
		};
		64A3A66E24E2E8A700CE3E56 /* Debug */ = {
			isa = XCBuildConfiguration;
			buildSettings = {
				ALWAYS_EMBED_SWIFT_STANDARD_LIBRARIES = YES;
				BUNDLE_LOADER = "$(TEST_HOST)";
				CLANG_ANALYZER_NUMBER_OBJECT_CONVERSION = YES_AGGRESSIVE;
				CLANG_CXX_LANGUAGE_STANDARD = "gnu++14";
				CLANG_ENABLE_OBJC_WEAK = YES;
				CLANG_WARN_UNGUARDED_AVAILABILITY = YES_AGGRESSIVE;
				CODE_SIGN_STYLE = Automatic;
				DEVELOPMENT_TEAM = 6B73W5BZA3;
				GCC_C_LANGUAGE_STANDARD = gnu11;
				INFOPLIST_FILE = DemotvOSTests/Info.plist;
				LD_RUNPATH_SEARCH_PATHS = "$(inherited) @executable_path/Frameworks @loader_path/Frameworks";
				MTL_ENABLE_DEBUG_INFO = INCLUDE_SOURCE;
				MTL_FAST_MATH = YES;
				PRODUCT_BUNDLE_IDENTIFIER = com.vualto.studiodrm.demotvOS.Tests;
				PRODUCT_NAME = "$(TARGET_NAME)";
				SDKROOT = appletvos;
				SWIFT_VERSION = 5.0;
				TARGETED_DEVICE_FAMILY = 3;
				TEST_HOST = "$(BUILT_PRODUCTS_DIR)/StudioDRM tvOS.app/StudioDRM tvOS";
				TVOS_DEPLOYMENT_TARGET = 13.4;
			};
			name = Debug;
		};
		64A3A66F24E2E8A700CE3E56 /* Release */ = {
			isa = XCBuildConfiguration;
			buildSettings = {
				ALWAYS_EMBED_SWIFT_STANDARD_LIBRARIES = YES;
				BUNDLE_LOADER = "$(TEST_HOST)";
				CLANG_ANALYZER_NUMBER_OBJECT_CONVERSION = YES_AGGRESSIVE;
				CLANG_CXX_LANGUAGE_STANDARD = "gnu++14";
				CLANG_ENABLE_OBJC_WEAK = YES;
				CLANG_WARN_UNGUARDED_AVAILABILITY = YES_AGGRESSIVE;
				CODE_SIGN_STYLE = Automatic;
				DEVELOPMENT_TEAM = 6B73W5BZA3;
				GCC_C_LANGUAGE_STANDARD = gnu11;
				INFOPLIST_FILE = DemotvOSTests/Info.plist;
				LD_RUNPATH_SEARCH_PATHS = "$(inherited) @executable_path/Frameworks @loader_path/Frameworks";
				MTL_FAST_MATH = YES;
				PRODUCT_BUNDLE_IDENTIFIER = com.vualto.studiodrm.demotvOS.Tests;
				PRODUCT_NAME = "$(TARGET_NAME)";
				SDKROOT = appletvos;
				SWIFT_OPTIMIZATION_LEVEL = "-O";
				SWIFT_VERSION = 5.0;
				TARGETED_DEVICE_FAMILY = 3;
				TEST_HOST = "$(BUILT_PRODUCTS_DIR)/StudioDRM tvOS.app/StudioDRM tvOS";
				TVOS_DEPLOYMENT_TARGET = 13.4;
			};
			name = Release;
		};
		64A3A67124E2E8A700CE3E56 /* Debug */ = {
			isa = XCBuildConfiguration;
			buildSettings = {
				ALWAYS_EMBED_SWIFT_STANDARD_LIBRARIES = YES;
				CLANG_ANALYZER_NUMBER_OBJECT_CONVERSION = YES_AGGRESSIVE;
				CLANG_CXX_LANGUAGE_STANDARD = "gnu++14";
				CLANG_ENABLE_OBJC_WEAK = YES;
				CLANG_WARN_UNGUARDED_AVAILABILITY = YES_AGGRESSIVE;
				CODE_SIGN_STYLE = Automatic;
				DEVELOPMENT_TEAM = 6B73W5BZA3;
				GCC_C_LANGUAGE_STANDARD = gnu11;
				INFOPLIST_FILE = DemotvOSUITests/Info.plist;
				LD_RUNPATH_SEARCH_PATHS = "$(inherited) @executable_path/Frameworks @loader_path/Frameworks";
				MTL_ENABLE_DEBUG_INFO = INCLUDE_SOURCE;
				MTL_FAST_MATH = YES;
				PRODUCT_BUNDLE_IDENTIFIER = com.vualto.studiodrm.demotvOS.UITests;
				PRODUCT_NAME = "$(TARGET_NAME)";
				SDKROOT = appletvos;
				SWIFT_VERSION = 5.0;
				TARGETED_DEVICE_FAMILY = 3;
				TVOS_DEPLOYMENT_TARGET = 13.4;
			};
			name = Debug;
		};
		64A3A67224E2E8A700CE3E56 /* Release */ = {
			isa = XCBuildConfiguration;
			buildSettings = {
				ALWAYS_EMBED_SWIFT_STANDARD_LIBRARIES = YES;
				CLANG_ANALYZER_NUMBER_OBJECT_CONVERSION = YES_AGGRESSIVE;
				CLANG_CXX_LANGUAGE_STANDARD = "gnu++14";
				CLANG_ENABLE_OBJC_WEAK = YES;
				CLANG_WARN_UNGUARDED_AVAILABILITY = YES_AGGRESSIVE;
				CODE_SIGN_STYLE = Automatic;
				DEVELOPMENT_TEAM = 6B73W5BZA3;
				GCC_C_LANGUAGE_STANDARD = gnu11;
				INFOPLIST_FILE = DemotvOSUITests/Info.plist;
				LD_RUNPATH_SEARCH_PATHS = "$(inherited) @executable_path/Frameworks @loader_path/Frameworks";
				MTL_FAST_MATH = YES;
				PRODUCT_BUNDLE_IDENTIFIER = com.vualto.studiodrm.demotvOS.UITests;
				PRODUCT_NAME = "$(TARGET_NAME)";
				SDKROOT = appletvos;
				SWIFT_OPTIMIZATION_LEVEL = "-O";
				SWIFT_VERSION = 5.0;
				TARGETED_DEVICE_FAMILY = 3;
				TVOS_DEPLOYMENT_TARGET = 13.4;
			};
			name = Release;
		};
		AA041EAB1E5357A5005BB6EE /* Debug */ = {
			isa = XCBuildConfiguration;
			buildSettings = {
				ALWAYS_SEARCH_USER_PATHS = NO;
				CLANG_ANALYZER_NONNULL = YES;
				CLANG_CXX_LANGUAGE_STANDARD = "gnu++0x";
				CLANG_CXX_LIBRARY = "libc++";
				CLANG_ENABLE_MODULES = YES;
				CLANG_ENABLE_OBJC_ARC = YES;
				CLANG_WARN_BLOCK_CAPTURE_AUTORELEASING = YES;
				CLANG_WARN_BOOL_CONVERSION = YES;
				CLANG_WARN_COMMA = YES;
				CLANG_WARN_CONSTANT_CONVERSION = YES;
				CLANG_WARN_DEPRECATED_OBJC_IMPLEMENTATIONS = YES;
				CLANG_WARN_DIRECT_OBJC_ISA_USAGE = YES_ERROR;
				CLANG_WARN_DOCUMENTATION_COMMENTS = YES;
				CLANG_WARN_EMPTY_BODY = YES;
				CLANG_WARN_ENUM_CONVERSION = YES;
				CLANG_WARN_INFINITE_RECURSION = YES;
				CLANG_WARN_INT_CONVERSION = YES;
				CLANG_WARN_NON_LITERAL_NULL_CONVERSION = YES;
				CLANG_WARN_OBJC_IMPLICIT_RETAIN_SELF = YES;
				CLANG_WARN_OBJC_LITERAL_CONVERSION = YES;
				CLANG_WARN_OBJC_ROOT_CLASS = YES_ERROR;
				CLANG_WARN_QUOTED_INCLUDE_IN_FRAMEWORK_HEADER = YES;
				CLANG_WARN_RANGE_LOOP_ANALYSIS = YES;
				CLANG_WARN_STRICT_PROTOTYPES = YES;
				CLANG_WARN_SUSPICIOUS_MOVE = YES;
				CLANG_WARN_UNREACHABLE_CODE = YES;
				CLANG_WARN__DUPLICATE_METHOD_MATCH = YES;
				"CODE_SIGN_IDENTITY[sdk=iphoneos*]" = "iPhone Developer";
				COPY_PHASE_STRIP = NO;
				DEBUG_INFORMATION_FORMAT = dwarf;
				ENABLE_STRICT_OBJC_MSGSEND = YES;
				ENABLE_TESTABILITY = YES;
				GCC_C_LANGUAGE_STANDARD = gnu99;
				GCC_DYNAMIC_NO_PIC = NO;
				GCC_NO_COMMON_BLOCKS = YES;
				GCC_OPTIMIZATION_LEVEL = 0;
				GCC_PREPROCESSOR_DEFINITIONS = (
					"DEBUG=1",
					"$(inherited)",
				);
				GCC_WARN_64_TO_32_BIT_CONVERSION = YES;
				GCC_WARN_ABOUT_RETURN_TYPE = YES_ERROR;
				GCC_WARN_UNDECLARED_SELECTOR = YES;
				GCC_WARN_UNINITIALIZED_AUTOS = YES_AGGRESSIVE;
				GCC_WARN_UNUSED_FUNCTION = YES;
				GCC_WARN_UNUSED_VARIABLE = YES;
				IPHONEOS_DEPLOYMENT_TARGET = 12.0;
				ONLY_ACTIVE_ARCH = YES;
				SDKROOT = iphoneos;
				SWIFT_ACTIVE_COMPILATION_CONDITIONS = DEBUG;
				SWIFT_OPTIMIZATION_LEVEL = "-Onone";
				SWIFT_VERSION = 5.0;
				TARGETED_DEVICE_FAMILY = "1,2";
			};
			name = Debug;
		};
		AA041EAC1E5357A5005BB6EE /* Release */ = {
			isa = XCBuildConfiguration;
			buildSettings = {
				ALWAYS_SEARCH_USER_PATHS = NO;
				CLANG_ANALYZER_NONNULL = YES;
				CLANG_CXX_LANGUAGE_STANDARD = "gnu++0x";
				CLANG_CXX_LIBRARY = "libc++";
				CLANG_ENABLE_MODULES = YES;
				CLANG_ENABLE_OBJC_ARC = YES;
				CLANG_WARN_BLOCK_CAPTURE_AUTORELEASING = YES;
				CLANG_WARN_BOOL_CONVERSION = YES;
				CLANG_WARN_COMMA = YES;
				CLANG_WARN_CONSTANT_CONVERSION = YES;
				CLANG_WARN_DEPRECATED_OBJC_IMPLEMENTATIONS = YES;
				CLANG_WARN_DIRECT_OBJC_ISA_USAGE = YES_ERROR;
				CLANG_WARN_DOCUMENTATION_COMMENTS = YES;
				CLANG_WARN_EMPTY_BODY = YES;
				CLANG_WARN_ENUM_CONVERSION = YES;
				CLANG_WARN_INFINITE_RECURSION = YES;
				CLANG_WARN_INT_CONVERSION = YES;
				CLANG_WARN_NON_LITERAL_NULL_CONVERSION = YES;
				CLANG_WARN_OBJC_IMPLICIT_RETAIN_SELF = YES;
				CLANG_WARN_OBJC_LITERAL_CONVERSION = YES;
				CLANG_WARN_OBJC_ROOT_CLASS = YES_ERROR;
				CLANG_WARN_QUOTED_INCLUDE_IN_FRAMEWORK_HEADER = YES;
				CLANG_WARN_RANGE_LOOP_ANALYSIS = YES;
				CLANG_WARN_STRICT_PROTOTYPES = YES;
				CLANG_WARN_SUSPICIOUS_MOVE = YES;
				CLANG_WARN_UNREACHABLE_CODE = YES;
				CLANG_WARN__DUPLICATE_METHOD_MATCH = YES;
				"CODE_SIGN_IDENTITY[sdk=iphoneos*]" = "iPhone Developer";
				COPY_PHASE_STRIP = NO;
				DEBUG_INFORMATION_FORMAT = "dwarf-with-dsym";
				ENABLE_NS_ASSERTIONS = NO;
				ENABLE_STRICT_OBJC_MSGSEND = YES;
				GCC_C_LANGUAGE_STANDARD = gnu99;
				GCC_NO_COMMON_BLOCKS = YES;
				GCC_WARN_64_TO_32_BIT_CONVERSION = YES;
				GCC_WARN_ABOUT_RETURN_TYPE = YES_ERROR;
				GCC_WARN_UNDECLARED_SELECTOR = YES;
				GCC_WARN_UNINITIALIZED_AUTOS = YES_AGGRESSIVE;
				GCC_WARN_UNUSED_FUNCTION = YES;
				GCC_WARN_UNUSED_VARIABLE = YES;
				IPHONEOS_DEPLOYMENT_TARGET = 12.0;
				ONLY_ACTIVE_ARCH = YES;
				SDKROOT = iphoneos;
				SWIFT_OPTIMIZATION_LEVEL = "-Onone";
				SWIFT_VERSION = 5.0;
				TARGETED_DEVICE_FAMILY = "1,2";
				VALIDATE_PRODUCT = YES;
			};
			name = Release;
		};
		AA041EAE1E5357A5005BB6EE /* Debug */ = {
			isa = XCBuildConfiguration;
			buildSettings = {
				ASSETCATALOG_COMPILER_APPICON_NAME = AppIcon;
				CODE_SIGN_IDENTITY = "Apple Development: Mobile Apps (9NJZQ56VQG)";
				"CODE_SIGN_IDENTITY[sdk=iphoneos*]" = "Apple Development: Mobile Apps (9NJZQ56VQG)";
				CODE_SIGN_STYLE = Manual;
				CURRENT_PROJECT_VERSION = 1;
				DEVELOPMENT_TEAM = 6B73W5BZA3;
				ENABLE_BITCODE = NO;
				FRAMEWORK_SEARCH_PATHS = "$(inherited)";
				INFOPLIST_FILE = StudioDRM/DemoiOS/Info.plist;
				LD_RUNPATH_SEARCH_PATHS = "$(inherited) @executable_path/Frameworks $(inherited) @executable_path/Frameworks/iOS";
				PRODUCT_BUNDLE_IDENTIFIER = com.vualto.studiodrm.demo;
				PRODUCT_MODULE_NAME = StudioDRM;
				PRODUCT_NAME = StudioDRM;
				PROVISIONING_PROFILE = "690f6162-89ed-45e4-8004-b231b5f4cd0e";
				PROVISIONING_PROFILE_SPECIFIER = "Wildcard iOS development profile 20.04.21";
				SWIFT_SWIFT3_OBJC_INFERENCE = Default;
				SWIFT_VERSION = 5.0;
				VALID_ARCHS = "$(ARCHS_STANDARD_64_BIT)";
				VERSIONING_SYSTEM = "apple-generic";
			};
			name = Debug;
		};
		AA041EAF1E5357A5005BB6EE /* Release */ = {
			isa = XCBuildConfiguration;
			buildSettings = {
				ASSETCATALOG_COMPILER_APPICON_NAME = AppIcon;
				CODE_SIGN_IDENTITY = "Apple Distribution: VUALTO LTD (6B73W5BZA3)";
				"CODE_SIGN_IDENTITY[sdk=iphoneos*]" = "Apple Distribution: VUALTO LTD (6B73W5BZA3)";
				CODE_SIGN_STYLE = Manual;
				CURRENT_PROJECT_VERSION = 1;
				DEVELOPMENT_TEAM = 6B73W5BZA3;
				ENABLE_BITCODE = NO;
				FRAMEWORK_SEARCH_PATHS = "$(inherited)";
				INFOPLIST_FILE = StudioDRM/DemoiOS/Info.plist;
				LD_RUNPATH_SEARCH_PATHS = "$(inherited) @executable_path/Frameworks $(inherited) @executable_path/Frameworks/iOS";
				PRODUCT_BUNDLE_IDENTIFIER = com.vualto.studiodrm.demo;
				PRODUCT_MODULE_NAME = StudioDRM;
				PRODUCT_NAME = StudioDRM;
				PROVISIONING_PROFILE = "99e6bd5d-8151-4b85-999d-20b5bc8cf633";
				PROVISIONING_PROFILE_SPECIFIER = "match AdHoc com.vualto.studiodrm.demo";
				SWIFT_VERSION = 5.0;
				VALID_ARCHS = "$(ARCHS_STANDARD_64_BIT)";
				VERSIONING_SYSTEM = "apple-generic";
			};
			name = Release;
		};
/* End XCBuildConfiguration section */

/* Begin XCConfigurationList section */
		2001BBD91F8F89C80096C7AB /* Build configuration list for PBXNativeTarget "DemoiOSUITests" */ = {
			isa = XCConfigurationList;
			buildConfigurations = (
				2001BBDA1F8F89C80096C7AB /* Debug */,
				2001BBDB1F8F89C80096C7AB /* Release */,
			);
			defaultConfigurationIsVisible = 0;
			defaultConfigurationName = Release;
		};
		2001BBE71F8F89DD0096C7AB /* Build configuration list for PBXNativeTarget "DemoiOSTests" */ = {
			isa = XCConfigurationList;
			buildConfigurations = (
				2001BBE81F8F89DD0096C7AB /* Debug */,
				2001BBE91F8F89DD0096C7AB /* Release */,
			);
			defaultConfigurationIsVisible = 0;
			defaultConfigurationName = Release;
		};
		64A3A66A24E2E8A700CE3E56 /* Build configuration list for PBXNativeTarget "DemotvOS" */ = {
			isa = XCConfigurationList;
			buildConfigurations = (
				64A3A66B24E2E8A700CE3E56 /* Debug */,
				64A3A66C24E2E8A700CE3E56 /* Release */,
			);
			defaultConfigurationIsVisible = 0;
			defaultConfigurationName = Release;
		};
		64A3A66D24E2E8A700CE3E56 /* Build configuration list for PBXNativeTarget "DemotvOSTests" */ = {
			isa = XCConfigurationList;
			buildConfigurations = (
				64A3A66E24E2E8A700CE3E56 /* Debug */,
				64A3A66F24E2E8A700CE3E56 /* Release */,
			);
			defaultConfigurationIsVisible = 0;
			defaultConfigurationName = Release;
		};
		64A3A67024E2E8A700CE3E56 /* Build configuration list for PBXNativeTarget "DemotvOSUITests" */ = {
			isa = XCConfigurationList;
			buildConfigurations = (
				64A3A67124E2E8A700CE3E56 /* Debug */,
				64A3A67224E2E8A700CE3E56 /* Release */,
			);
			defaultConfigurationIsVisible = 0;
			defaultConfigurationName = Release;
		};
		AA041E961E5357A5005BB6EE /* Build configuration list for PBXProject "StudioDRM" */ = {
			isa = XCConfigurationList;
			buildConfigurations = (
				AA041EAB1E5357A5005BB6EE /* Debug */,
				AA041EAC1E5357A5005BB6EE /* Release */,
			);
			defaultConfigurationIsVisible = 0;
			defaultConfigurationName = Release;
		};
		AA041EAD1E5357A5005BB6EE /* Build configuration list for PBXNativeTarget "DemoiOS" */ = {
			isa = XCConfigurationList;
			buildConfigurations = (
				AA041EAE1E5357A5005BB6EE /* Debug */,
				AA041EAF1E5357A5005BB6EE /* Release */,
			);
			defaultConfigurationIsVisible = 0;
			defaultConfigurationName = Release;
		};
/* End XCConfigurationList section */
	};
	rootObject = AA041E931E5357A5005BB6EE /* Project object */;
}
